
Microsoft Visual Studio Solution File, Format Version 12.00
# Visual Studio Version 17
VisualStudioVersion = 17.3.32929.385
MinimumVisualStudioVersion = 10.0.40219.1
Project("{FAE04EC0-301F-11D3-BF4B-00C04F79EFBC}") = "AppConselheiro.Android", "AppConselheiro\AppConselheiro.Android\AppConselheiro.Android.csproj", "{52DD73ED-B837-4B6D-B052-B6A95CDAA640}"
EndProject
Project("{FAE04EC0-301F-11D3-BF4B-00C04F79EFBC}") = "AppConselheiro", "AppConselheiro\AppConselheiro\AppConselheiro.csproj", "{202A4B14-2A03-4530-AE4F-CAF50A915267}"
EndProject
Global
	GlobalSection(SolutionConfigurationPlatforms) = preSolution
		Debug|Any CPU = Debug|Any CPU
		Release|Any CPU = Release|Any CPU
	EndGlobalSection
	GlobalSection(ProjectConfigurationPlatforms) = postSolution
		{52DD73ED-B837-4B6D-B052-B6A95CDAA640}.Debug|Any CPU.ActiveCfg = Debug|Any CPU
		{52DD73ED-B837-4B6D-B052-B6A95CDAA640}.Debug|Any CPU.Build.0 = Debug|Any CPU
		{52DD73ED-B837-4B6D-B052-B6A95CDAA640}.Debug|Any CPU.Deploy.0 = Debug|Any CPU
		{52DD73ED-B837-4B6D-B052-B6A95CDAA640}.Release|Any CPU.ActiveCfg = Release|Any CPU
		{52DD73ED-B837-4B6D-B052-B6A95CDAA640}.Release|Any CPU.Build.0 = Release|Any CPU
		{52DD73ED-B837-4B6D-B052-B6A95CDAA640}.Release|Any CPU.Deploy.0 = Release|Any CPU
		{202A4B14-2A03-4530-AE4F-CAF50A915267}.Debug|Any CPU.ActiveCfg = Debug|Any CPU
		{202A4B14-2A03-4530-AE4F-CAF50A915267}.Debug|Any CPU.Build.0 = Debug|Any CPU
		{202A4B14-2A03-4530-AE4F-CAF50A915267}.Debug|Any CPU.Deploy.0 = Debug|Any CPU
		{202A4B14-2A03-4530-AE4F-CAF50A915267}.Release|Any CPU.ActiveCfg = Release|Any CPU
		{202A4B14-2A03-4530-AE4F-CAF50A915267}.Release|Any CPU.Build.0 = Release|Any CPU
		{202A4B14-2A03-4530-AE4F-CAF50A915267}.Release|Any CPU.Deploy.0 = Release|Any CPU
	EndGlobalSection
	GlobalSection(SolutionProperties) = preSolution
		HideSolutionNode = FALSE
	EndGlobalSection
	GlobalSection(ExtensibilityGlobals) = postSolution
		SolutionGuid = {55A83E51-29A2-4647-B13F-D55287C8CA0F}
	EndGlobalSection
EndGlobal
